
Microsoft Visual Studio Solution File, Format Version 11.00
# Visual Studio 2010
Project("{8BC9CEB8-8B4A-11D0-8D11-00A0C91BC942}") = "termistor1", "termistor1.vcxproj", "{0EDC6F9C-E1B1-420B-8981-EFB088365ECF}"
EndProject
Global
	GlobalSection(SolutionConfigurationPlatforms) = preSolution
		Debug|Win32 = Debug|Win32
		Release|Win32 = Release|Win32
	EndGlobalSection
	GlobalSection(ProjectConfigurationPlatforms) = postSolution
		{0EDC6F9C-E1B1-420B-8981-EFB088365ECF}.Debug|Win32.ActiveCfg = Debug|Win32
		{0EDC6F9C-E1B1-420B-8981-EFB088365ECF}.Debug|Win32.Build.0 = Debug|Win32
		{0EDC6F9C-E1B1-420B-8981-EFB088365ECF}.Release|Win32.ActiveCfg = Release|Win32
		{0EDC6F9C-E1B1-420B-8981-EFB088365ECF}.Release|Win32.Build.0 = Release|Win32
	EndGlobalSection
	GlobalSection(SolutionProperties) = preSolution
		HideSolutionNode = FALSE
	EndGlobalSection
EndGlobal
